github.com/go-asn1-ber/asn1-ber v1.3.1 h1:gvPdv/Hr++TRFCl0UbPFHC54P9N9jgsRPnmnr419Uck=
github.com/go-asn1-ber/asn1-ber v1.3.1/go.mod h1:hEBeB/ic+5LoWskz+yKT7vGhhPYkProFKoKdwZRWMe0=
github.com/go-asn1-ber/asn1-ber v1.4.1 h1:qP/QDxOtmMoJVgXHCXNzDpA0+wkgYB2x5QoLMVOciyw=
github.com/go-asn1-ber/asn1-ber v1.4.1/go.mod h1:hEBeB/ic+5LoWskz+yKT7vGhhPYkProFKoKdwZRWMe0=
github.com/go-ldap/ldap v3.0.3+incompatible h1:HTeSZO8hWMS1Rgb2Ziku6b8a7qRIZZMHjsvuZyatzwk=
github.com/go-ldap/ldap v3.0.3+incompatible/go.mod h1:qfd9rJvER9Q0/D/Sqn1DfHRoBp40uXYvFoEVrNEPqRc=
github.com/go-ldap/ldap/v3 v3.1.7 h1:aHjuWTgZsnxjMgqzx0JHwNqz4jBYZTcNarbPFkW1Oww=
github.com/go-ldap/ldap/v3 v3.1.7/go.mod h1:5Zun81jBTabRaI8lzN7E1JjyEl1g6zI6u9pd8luAK4Q=
gopkg.in/asn1-ber.v1 v1.0.0-20181015200546-f715ec2f112d h1:TxyelI5cVkbREznMhfzycHdkp5cLA7DpE+GKjSslYhM=
gopkg.in/asn1-ber.v1 v1.0.0-20181015200546-f715ec2f112d/go.mod h1:cuepJuh7vyXfUyUwEgHQXw849cJrilpS5NeIjOWESAw=
